
Microsoft Visual Studio Solution File, Format Version 12.00
# Visual Studio Version 16
VisualStudioVersion = 16.0.31129.286
MinimumVisualStudioVersion = 10.0.40219.1
Project("{8BC9CEB8-8B4A-11D0-8D11-00A0C91BC942}") = "PixelOp", "PixelOp\PixelOp.vcxproj", "{8A3BD502-0036-41D0-BDBA-B4D0C7F25C71}"
EndProject
Global
	GlobalSection(SolutionConfigurationPlatforms) = preSolution
		Debug|x64 = Debug|x64
		Debug|x86 = Debug|x86
		Release|x64 = Release|x64
		Release|x86 = Release|x86
	EndGlobalSection
	GlobalSection(ProjectConfigurationPlatforms) = postSolution
		{8A3BD502-0036-41D0-BDBA-B4D0C7F25C71}.Debug|x64.ActiveCfg = Debug|x64
		{8A3BD502-0036-41D0-BDBA-B4D0C7F25C71}.Debug|x64.Build.0 = Debug|x64
		{8A3BD502-0036-41D0-BDBA-B4D0C7F25C71}.Debug|x86.ActiveCfg = Debug|Win32
		{8A3BD502-0036-41D0-BDBA-B4D0C7F25C71}.Debug|x86.Build.0 = Debug|Win32
		{8A3BD502-0036-41D0-BDBA-B4D0C7F25C71}.Release|x64.ActiveCfg = Release|x64
		{8A3BD502-0036-41D0-BDBA-B4D0C7F25C71}.Release|x64.Build.0 = Release|x64
		{8A3BD502-0036-41D0-BDBA-B4D0C7F25C71}.Release|x86.ActiveCfg = Release|Win32
		{8A3BD502-0036-41D0-BDBA-B4D0C7F25C71}.Release|x86.Build.0 = Release|Win32
	EndGlobalSection
	GlobalSection(SolutionProperties) = preSolution
		HideSolutionNode = FALSE
	EndGlobalSection
	GlobalSection(ExtensibilityGlobals) = postSolution
		SolutionGuid = {06BD4DB4-03FF-4D46-8C71-6B94057623B5}
	EndGlobalSection
EndGlobal
